
Microsoft Visual Studio Solution File, Format Version 12.00
# Visual Studio Version 17
VisualStudioVersion = 17.5.2.0
MinimumVisualStudioVersion = 10.0.40219.1
Project("{FAE04EC0-301F-11D3-BF4B-00C04F79EFBC}") = "Day1", "Day1\Day1.csproj", "{66801BA3-C76F-D404-9B01-79D62F8A46FC}"
EndProject
Project("{FAE04EC0-301F-11D3-BF4B-00C04F79EFBC}") = "IDMS", "IDMS\IDMS.csproj", "{48CA04AA-5F55-4953-8569-C45F10C76059}"
EndProject
Project("{FAE04EC0-301F-11D3-BF4B-00C04F79EFBC}") = "IDMS.Shared", "IDMS.Shared\IDMS.Shared.csproj", "{9333F497-325E-4B22-B2C0-7ACD30E43FDC}"
EndProject
Project("{FAE04EC0-301F-11D3-BF4B-00C04F79EFBC}") = "IDMS.Infrastructure", "IDMS.Infrastructure\IDMS.Infrastructure.csproj", "{D90BEB12-B2C6-4510-990E-48EE01BD9D00}"
EndProject
Project("{FAE04EC0-301F-11D3-BF4B-00C04F79EFBC}") = "IDMS.Module.Master", "IDMS.Module.Master\IDMS.Module.Master.csproj", "{38AAE261-EB7B-45BF-A13A-6A1F2C8E2039}"
EndProject
Project("{FAE04EC0-301F-11D3-BF4B-00C04F79EFBC}") = "Test", "Test\Test.csproj", "{6DE4C895-E4B7-4C7C-9BDA-B1E99A952DCB}"
EndProject
Global
	GlobalSection(SolutionConfigurationPlatforms) = preSolution
		Debug|Any CPU = Debug|Any CPU
		Debug|x64 = Debug|x64
		Debug|x86 = Debug|x86
		Release|Any CPU = Release|Any CPU
		Release|x64 = Release|x64
		Release|x86 = Release|x86
	EndGlobalSection
	GlobalSection(ProjectConfigurationPlatforms) = postSolution
		{66801BA3-C76F-D404-9B01-79D62F8A46FC}.Debug|Any CPU.ActiveCfg = Debug|Any CPU
		{66801BA3-C76F-D404-9B01-79D62F8A46FC}.Debug|Any CPU.Build.0 = Debug|Any CPU
		{66801BA3-C76F-D404-9B01-79D62F8A46FC}.Debug|x64.ActiveCfg = Debug|Any CPU
		{66801BA3-C76F-D404-9B01-79D62F8A46FC}.Debug|x64.Build.0 = Debug|Any CPU
		{66801BA3-C76F-D404-9B01-79D62F8A46FC}.Debug|x86.ActiveCfg = Debug|Any CPU
		{66801BA3-C76F-D404-9B01-79D62F8A46FC}.Debug|x86.Build.0 = Debug|Any CPU
		{66801BA3-C76F-D404-9B01-79D62F8A46FC}.Release|Any CPU.ActiveCfg = Release|Any CPU
		{66801BA3-C76F-D404-9B01-79D62F8A46FC}.Release|Any CPU.Build.0 = Release|Any CPU
		{66801BA3-C76F-D404-9B01-79D62F8A46FC}.Release|x64.ActiveCfg = Release|Any CPU
		{66801BA3-C76F-D404-9B01-79D62F8A46FC}.Release|x64.Build.0 = Release|Any CPU
		{66801BA3-C76F-D404-9B01-79D62F8A46FC}.Release|x86.ActiveCfg = Release|Any CPU
		{66801BA3-C76F-D404-9B01-79D62F8A46FC}.Release|x86.Build.0 = Release|Any CPU
		{48CA04AA-5F55-4953-8569-C45F10C76059}.Debug|Any CPU.ActiveCfg = Debug|Any CPU
		{48CA04AA-5F55-4953-8569-C45F10C76059}.Debug|Any CPU.Build.0 = Debug|Any CPU
		{48CA04AA-5F55-4953-8569-C45F10C76059}.Debug|x64.ActiveCfg = Debug|Any CPU
		{48CA04AA-5F55-4953-8569-C45F10C76059}.Debug|x64.Build.0 = Debug|Any CPU
		{48CA04AA-5F55-4953-8569-C45F10C76059}.Debug|x86.ActiveCfg = Debug|Any CPU
		{48CA04AA-5F55-4953-8569-C45F10C76059}.Debug|x86.Build.0 = Debug|Any CPU
		{48CA04AA-5F55-4953-8569-C45F10C76059}.Release|Any CPU.ActiveCfg = Release|Any CPU
		{48CA04AA-5F55-4953-8569-C45F10C76059}.Release|Any CPU.Build.0 = Release|Any CPU
		{48CA04AA-5F55-4953-8569-C45F10C76059}.Release|x64.ActiveCfg = Release|Any CPU
		{48CA04AA-5F55-4953-8569-C45F10C76059}.Release|x64.Build.0 = Release|Any CPU
		{48CA04AA-5F55-4953-8569-C45F10C76059}.Release|x86.ActiveCfg = Release|Any CPU
		{48CA04AA-5F55-4953-8569-C45F10C76059}.Release|x86.Build.0 = Release|Any CPU
		{9333F497-325E-4B22-B2C0-7ACD30E43FDC}.Debug|Any CPU.ActiveCfg = Debug|Any CPU
		{9333F497-325E-4B22-B2C0-7ACD30E43FDC}.Debug|Any CPU.Build.0 = Debug|Any CPU
		{9333F497-325E-4B22-B2C0-7ACD30E43FDC}.Debug|x64.ActiveCfg = Debug|Any CPU
		{9333F497-325E-4B22-B2C0-7ACD30E43FDC}.Debug|x64.Build.0 = Debug|Any CPU
		{9333F497-325E-4B22-B2C0-7ACD30E43FDC}.Debug|x86.ActiveCfg = Debug|Any CPU
		{9333F497-325E-4B22-B2C0-7ACD30E43FDC}.Debug|x86.Build.0 = Debug|Any CPU
		{9333F497-325E-4B22-B2C0-7ACD30E43FDC}.Release|Any CPU.ActiveCfg = Release|Any CPU
		{9333F497-325E-4B22-B2C0-7ACD30E43FDC}.Release|Any CPU.Build.0 = Release|Any CPU
		{9333F497-325E-4B22-B2C0-7ACD30E43FDC}.Release|x64.ActiveCfg = Release|Any CPU
		{9333F497-325E-4B22-B2C0-7ACD30E43FDC}.Release|x64.Build.0 = Release|Any CPU
		{9333F497-325E-4B22-B2C0-7ACD30E43FDC}.Release|x86.ActiveCfg = Release|Any CPU
		{9333F497-325E-4B22-B2C0-7ACD30E43FDC}.Release|x86.Build.0 = Release|Any CPU
		{D90BEB12-B2C6-4510-990E-48EE01BD9D00}.Debug|Any CPU.ActiveCfg = Debug|Any CPU
		{D90BEB12-B2C6-4510-990E-48EE01BD9D00}.Debug|Any CPU.Build.0 = Debug|Any CPU
		{D90BEB12-B2C6-4510-990E-48EE01BD9D00}.Debug|x64.ActiveCfg = Debug|Any CPU
		{D90BEB12-B2C6-4510-990E-48EE01BD9D00}.Debug|x64.Build.0 = Debug|Any CPU
		{D90BEB12-B2C6-4510-990E-48EE01BD9D00}.Debug|x86.ActiveCfg = Debug|Any CPU
		{D90BEB12-B2C6-4510-990E-48EE01BD9D00}.Debug|x86.Build.0 = Debug|Any CPU
		{D90BEB12-B2C6-4510-990E-48EE01BD9D00}.Release|Any CPU.ActiveCfg = Release|Any CPU
		{D90BEB12-B2C6-4510-990E-48EE01BD9D00}.Release|Any CPU.Build.0 = Release|Any CPU
		{D90BEB12-B2C6-4510-990E-48EE01BD9D00}.Release|x64.ActiveCfg = Release|Any CPU
		{D90BEB12-B2C6-4510-990E-48EE01BD9D00}.Release|x64.Build.0 = Release|Any CPU
		{D90BEB12-B2C6-4510-990E-48EE01BD9D00}.Release|x86.ActiveCfg = Release|Any CPU
		{D90BEB12-B2C6-4510-990E-48EE01BD9D00}.Release|x86.Build.0 = Release|Any CPU
		{38AAE261-EB7B-45BF-A13A-6A1F2C8E2039}.Debug|Any CPU.ActiveCfg = Debug|Any CPU
		{38AAE261-EB7B-45BF-A13A-6A1F2C8E2039}.Debug|Any CPU.Build.0 = Debug|Any CPU
		{38AAE261-EB7B-45BF-A13A-6A1F2C8E2039}.Debug|x64.ActiveCfg = Debug|Any CPU
		{38AAE261-EB7B-45BF-A13A-6A1F2C8E2039}.Debug|x64.Build.0 = Debug|Any CPU
		{38AAE261-EB7B-45BF-A13A-6A1F2C8E2039}.Debug|x86.ActiveCfg = Debug|Any CPU
		{38AAE261-EB7B-45BF-A13A-6A1F2C8E2039}.Debug|x86.Build.0 = Debug|Any CPU
		{38AAE261-EB7B-45BF-A13A-6A1F2C8E2039}.Release|Any CPU.ActiveCfg = Release|Any CPU
		{38AAE261-EB7B-45BF-A13A-6A1F2C8E2039}.Release|Any CPU.Build.0 = Release|Any CPU
		{38AAE261-EB7B-45BF-A13A-6A1F2C8E2039}.Release|x64.ActiveCfg = Release|Any CPU
		{38AAE261-EB7B-45BF-A13A-6A1F2C8E2039}.Release|x64.Build.0 = Release|Any CPU
		{38AAE261-EB7B-45BF-A13A-6A1F2C8E2039}.Release|x86.ActiveCfg = Release|Any CPU
		{38AAE261-EB7B-45BF-A13A-6A1F2C8E2039}.Release|x86.Build.0 = Release|Any CPU
		{6DE4C895-E4B7-4C7C-9BDA-B1E99A952DCB}.Debug|Any CPU.ActiveCfg = Debug|Any CPU
		{6DE4C895-E4B7-4C7C-9BDA-B1E99A952DCB}.Debug|Any CPU.Build.0 = Debug|Any CPU
		{6DE4C895-E4B7-4C7C-9BDA-B1E99A952DCB}.Debug|x64.ActiveCfg = Debug|Any CPU
		{6DE4C895-E4B7-4C7C-9BDA-B1E99A952DCB}.Debug|x64.Build.0 = Debug|Any CPU
		{6DE4C895-E4B7-4C7C-9BDA-B1E99A952DCB}.Debug|x86.ActiveCfg = Debug|Any CPU
		{6DE4C895-E4B7-4C7C-9BDA-B1E99A952DCB}.Debug|x86.Build.0 = Debug|Any CPU
		{6DE4C895-E4B7-4C7C-9BDA-B1E99A952DCB}.Release|Any CPU.ActiveCfg = Release|Any CPU
		{6DE4C895-E4B7-4C7C-9BDA-B1E99A952DCB}.Release|Any CPU.Build.0 = Release|Any CPU
		{6DE4C895-E4B7-4C7C-9BDA-B1E99A952DCB}.Release|x64.ActiveCfg = Release|Any CPU
		{6DE4C895-E4B7-4C7C-9BDA-B1E99A952DCB}.Release|x64.Build.0 = Release|Any CPU
		{6DE4C895-E4B7-4C7C-9BDA-B1E99A952DCB}.Release|x86.ActiveCfg = Release|Any CPU
		{6DE4C895-E4B7-4C7C-9BDA-B1E99A952DCB}.Release|x86.Build.0 = Release|Any CPU
	EndGlobalSection
	GlobalSection(SolutionProperties) = preSolution
		HideSolutionNode = FALSE
	EndGlobalSection
	GlobalSection(ExtensibilityGlobals) = postSolution
		SolutionGuid = {441A9FBC-AFB5-4ACA-AE6C-7D3BC75E20BF}
	EndGlobalSection
EndGlobal
