<Solution>
  <Project Path="IDMS.Infrastructure/IDMS.Infrastructure.csproj" />
  <Project Path="IDMS.Modules.Master/IDMS.Modules.Master.csproj" />
  <Project Path="IDMS.Shared/IDMS.Shared.csproj" />
  <Project Path="IDMS.Web/IDMS.Web.csproj" />
  <Project Path="IDMS/IDMS.csproj" />
  <Project Path="LatihanHari2/LatihanHari2.csproj" />
</Solution>
