<Solution>
  <Project Path="IDMS.Infrastructure/IDMS.Infrastructure.csproj" />
  <Project Path="IDMS.Modules.Master/IDMS.Modules.Master.csproj" />
  <Project Path="IDMS.Shared/IDMS.Shared.csproj" />
  <Project Path="IDMS/IDMS.csproj" />
  <Project Path="LatihanHari2/LatihanHari2.csproj" />
  <Project Path="Soal1Hari2/Soal1Hari2.csproj" />
</Solution>
